
Microsoft Visual Studio Solution File, Format Version 12.00
# Visual Studio Version 17
VisualStudioVersion = 17.4.33213.308
MinimumVisualStudioVersion = 10.0.40219.1
Project("{FAE04EC0-301F-11D3-BF4B-00C04F79EFBC}") = "EloadasProject", "EloadasProject\EloadasProject.csproj", "{5DCA04D3-102C-4DC0-A8A8-FDF088328A8A}"
EndProject
Project("{FAE04EC0-301F-11D3-BF4B-00C04F79EFBC}") = "TestEloadasProject", "TestEloadasProject\TestEloadasProject.csproj", "{2EB2D7DF-1488-4BE2-8D03-155698EB517C}"
EndProject
Global
	GlobalSection(SolutionConfigurationPlatforms) = preSolution
		Debug|Any CPU = Debug|Any CPU
		Release|Any CPU = Release|Any CPU
	EndGlobalSection
	GlobalSection(ProjectConfigurationPlatforms) = postSolution
		{5DCA04D3-102C-4DC0-A8A8-FDF088328A8A}.Debug|Any CPU.ActiveCfg = Debug|Any CPU
		{5DCA04D3-102C-4DC0-A8A8-FDF088328A8A}.Debug|Any CPU.Build.0 = Debug|Any CPU
		{5DCA04D3-102C-4DC0-A8A8-FDF088328A8A}.Release|Any CPU.ActiveCfg = Release|Any CPU
		{5DCA04D3-102C-4DC0-A8A8-FDF088328A8A}.Release|Any CPU.Build.0 = Release|Any CPU
		{2EB2D7DF-1488-4BE2-8D03-155698EB517C}.Debug|Any CPU.ActiveCfg = Debug|Any CPU
		{2EB2D7DF-1488-4BE2-8D03-155698EB517C}.Debug|Any CPU.Build.0 = Debug|Any CPU
		{2EB2D7DF-1488-4BE2-8D03-155698EB517C}.Release|Any CPU.ActiveCfg = Release|Any CPU
		{2EB2D7DF-1488-4BE2-8D03-155698EB517C}.Release|Any CPU.Build.0 = Release|Any CPU
	EndGlobalSection
	GlobalSection(SolutionProperties) = preSolution
		HideSolutionNode = FALSE
	EndGlobalSection
	GlobalSection(ExtensibilityGlobals) = postSolution
		SolutionGuid = {D0EC502E-35DE-48C2-A876-F47AE2EE161E}
	EndGlobalSection
EndGlobal
